// !$*UTF8*$!
{
	archiveVersion = 1;
	classes = {
	};
	objectVersion = 46;
	objects = {

/* Begin PBXBuildFile section */
		512885AE1B56D27200A48470 /* main.m in Sources */ = {isa = PBXBuildFile; fileRef = 512885AD1B56D27200A48470 /* main.m */; };
		512885B11B56D27200A48470 /* AppDelegate.m in Sources */ = {isa = PBXBuildFile; fileRef = 512885B01B56D27200A48470 /* AppDelegate.m */; };
		512885B41B56D27200A48470 /* ViewController.m in Sources */ = {isa = PBXBuildFile; fileRef = 512885B31B56D27200A48470 /* ViewController.m */; };
		512885B71B56D27200A48470 /* Main.storyboard in Resources */ = {isa = PBXBuildFile; fileRef = 512885B51B56D27200A48470 /* Main.storyboard */; };
		512885B91B56D27200A48470 /* Images.xcassets in Resources */ = {isa = PBXBuildFile; fileRef = 512885B81B56D27200A48470 /* Images.xcassets */; };
		512885BC1B56D27200A48470 /* LaunchScreen.xib in Resources */ = {isa = PBXBuildFile; fileRef = 512885BA1B56D27200A48470 /* LaunchScreen.xib */; };
		512885C81B56D27200A48470 /* jyw_webrtc_with_cocoapodsTests.m in Sources */ = {isa = PBXBuildFile; fileRef = 512885C71B56D27200A48470 /* jyw_webrtc_with_cocoapodsTests.m */; };
		51C1D1751B56D62100B85ECC /* JYWMainViewController.m in Sources */ = {isa = PBXBuildFile; fileRef = 51C1D1731B56D62100B85ECC /* JYWMainViewController.m */; };
		51C1D1781B56D78E00B85ECC /* UIImage+ARDUtilities.m in Sources */ = {isa = PBXBuildFile; fileRef = 51C1D1771B56D78E00B85ECC /* UIImage+ARDUtilities.m */; };
		51C1D17D1B56D7E800B85ECC /* SRWebSocket.m in Sources */ = {isa = PBXBuildFile; fileRef = 51C1D17A1B56D7E800B85ECC /* SRWebSocket.m */; };
		51C1D17F1B56D84E00B85ECC /* libicucore.dylib in Frameworks */ = {isa = PBXBuildFile; fileRef = 51C1D17E1B56D84E00B85ECC /* libicucore.dylib */; };
		51C1D1811B56D85800B85ECC /* CFNetwork.framework in Frameworks */ = {isa = PBXBuildFile; fileRef = 51C1D1801B56D85800B85ECC /* CFNetwork.framework */; };
		51C1D1831B56D86100B85ECC /* Security.framework in Frameworks */ = {isa = PBXBuildFile; fileRef = 51C1D1821B56D86100B85ECC /* Security.framework */; };
		51C1D1851B56D86A00B85ECC /* Foundation.framework in Frameworks */ = {isa = PBXBuildFile; fileRef = 51C1D1841B56D86A00B85ECC /* Foundation.framework */; };
		51FE81B01B69049300BD358A /* SecondViewController.m in Sources */ = {isa = PBXBuildFile; fileRef = 51FE81AF1B69049300BD358A /* SecondViewController.m */; };
		51FE81B41B69155700BD358A /* FBSDKCoreKit.framework in Frameworks */ = {isa = PBXBuildFile; fileRef = 51FE81B11B69155700BD358A /* FBSDKCoreKit.framework */; };
		51FE81B51B69155700BD358A /* FBSDKLoginKit.framework in Frameworks */ = {isa = PBXBuildFile; fileRef = 51FE81B21B69155700BD358A /* FBSDKLoginKit.framework */; };
		51FE81B61B69155700BD358A /* FBSDKShareKit.framework in Frameworks */ = {isa = PBXBuildFile; fileRef = 51FE81B31B69155700BD358A /* FBSDKShareKit.framework */; };
		F834C6F5B98D0652F7E91A7C /* libPods-jyw-webrtc-with-cocoapods.a in Frameworks */ = {isa = PBXBuildFile; fileRef = A28850981ADEF97396ADA1D4 /* libPods-jyw-webrtc-with-cocoapods.a */; };
/* End PBXBuildFile section */

/* Begin PBXContainerItemProxy section */
		512885C21B56D27200A48470 /* PBXContainerItemProxy */ = {
			isa = PBXContainerItemProxy;
			containerPortal = 512885A01B56D27200A48470 /* Project object */;
			proxyType = 1;
			remoteGlobalIDString = 512885A71B56D27200A48470;
			remoteInfo = "jyw-webrtc-with-cocoapods";
		};
/* End PBXContainerItemProxy section */

/* Begin PBXFileReference section */
		512885A81B56D27200A48470 /* jyw-ios.app */ = {isa = PBXFileReference; explicitFileType = wrapper.application; includeInIndex = 0; path = "jyw-ios.app"; sourceTree = BUILT_PRODUCTS_DIR; };
		512885AC1B56D27200A48470 /* Info.plist */ = {isa = PBXFileReference; lastKnownFileType = text.plist.xml; path = Info.plist; sourceTree = "<group>"; };
		512885AD1B56D27200A48470 /* main.m */ = {isa = PBXFileReference; lastKnownFileType = sourcecode.c.objc; path = main.m; sourceTree = "<group>"; };
		512885AF1B56D27200A48470 /* AppDelegate.h */ = {isa = PBXFileReference; lastKnownFileType = sourcecode.c.h; path = AppDelegate.h; sourceTree = "<group>"; };
		512885B01B56D27200A48470 /* AppDelegate.m */ = {isa = PBXFileReference; lastKnownFileType = sourcecode.c.objc; path = AppDelegate.m; sourceTree = "<group>"; };
		512885B21B56D27200A48470 /* ViewController.h */ = {isa = PBXFileReference; lastKnownFileType = sourcecode.c.h; path = ViewController.h; sourceTree = "<group>"; };
		512885B31B56D27200A48470 /* ViewController.m */ = {isa = PBXFileReference; lastKnownFileType = sourcecode.c.objc; path = ViewController.m; sourceTree = "<group>"; };
		512885B61B56D27200A48470 /* Base */ = {isa = PBXFileReference; lastKnownFileType = file.storyboard; name = Base; path = Base.lproj/Main.storyboard; sourceTree = "<group>"; };
		512885B81B56D27200A48470 /* Images.xcassets */ = {isa = PBXFileReference; lastKnownFileType = folder.assetcatalog; path = Images.xcassets; sourceTree = "<group>"; };
		512885BB1B56D27200A48470 /* Base */ = {isa = PBXFileReference; lastKnownFileType = file.xib; name = Base; path = Base.lproj/LaunchScreen.xib; sourceTree = "<group>"; };
		512885C11B56D27200A48470 /* jyw-iosTests.xctest */ = {isa = PBXFileReference; explicitFileType = wrapper.cfbundle; includeInIndex = 0; path = "jyw-iosTests.xctest"; sourceTree = BUILT_PRODUCTS_DIR; };
		512885C61B56D27200A48470 /* Info.plist */ = {isa = PBXFileReference; lastKnownFileType = text.plist.xml; path = Info.plist; sourceTree = "<group>"; };
		512885C71B56D27200A48470 /* jyw_webrtc_with_cocoapodsTests.m */ = {isa = PBXFileReference; lastKnownFileType = sourcecode.c.objc; path = jyw_webrtc_with_cocoapodsTests.m; sourceTree = "<group>"; };
		51C1D1721B56D62100B85ECC /* JYWMainViewController.h */ = {isa = PBXFileReference; fileEncoding = 4; lastKnownFileType = sourcecode.c.h; path = JYWMainViewController.h; sourceTree = "<group>"; };
		51C1D1731B56D62100B85ECC /* JYWMainViewController.m */ = {isa = PBXFileReference; fileEncoding = 4; lastKnownFileType = sourcecode.c.objc; path = JYWMainViewController.m; sourceTree = "<group>"; };
		51C1D1761B56D78E00B85ECC /* UIImage+ARDUtilities.h */ = {isa = PBXFileReference; fileEncoding = 4; lastKnownFileType = sourcecode.c.h; path = "UIImage+ARDUtilities.h"; sourceTree = "<group>"; };
		51C1D1771B56D78E00B85ECC /* UIImage+ARDUtilities.m */ = {isa = PBXFileReference; fileEncoding = 4; lastKnownFileType = sourcecode.c.objc; path = "UIImage+ARDUtilities.m"; sourceTree = "<group>"; };
		51C1D17A1B56D7E800B85ECC /* SRWebSocket.m */ = {isa = PBXFileReference; fileEncoding = 4; lastKnownFileType = sourcecode.c.objc; path = SRWebSocket.m; sourceTree = "<group>"; };
		51C1D17B1B56D7E800B85ECC /* SocketRocket-Prefix.pch */ = {isa = PBXFileReference; fileEncoding = 4; lastKnownFileType = sourcecode.c.h; path = "SocketRocket-Prefix.pch"; sourceTree = "<group>"; };
		51C1D17C1B56D7E800B85ECC /* SRWebSocket.h */ = {isa = PBXFileReference; fileEncoding = 4; lastKnownFileType = sourcecode.c.h; path = SRWebSocket.h; sourceTree = "<group>"; };
		51C1D17E1B56D84E00B85ECC /* libicucore.dylib */ = {isa = PBXFileReference; lastKnownFileType = "compiled.mach-o.dylib"; name = libicucore.dylib; path = usr/lib/libicucore.dylib; sourceTree = SDKROOT; };
		51C1D1801B56D85800B85ECC /* CFNetwork.framework */ = {isa = PBXFileReference; lastKnownFileType = wrapper.framework; name = CFNetwork.framework; path = System/Library/Frameworks/CFNetwork.framework; sourceTree = SDKROOT; };
		51C1D1821B56D86100B85ECC /* Security.framework */ = {isa = PBXFileReference; lastKnownFileType = wrapper.framework; name = Security.framework; path = System/Library/Frameworks/Security.framework; sourceTree = SDKROOT; };
		51C1D1841B56D86A00B85ECC /* Foundation.framework */ = {isa = PBXFileReference; lastKnownFileType = wrapper.framework; name = Foundation.framework; path = System/Library/Frameworks/Foundation.framework; sourceTree = SDKROOT; };
		51FE81AE1B69049300BD358A /* SecondViewController.h */ = {isa = PBXFileReference; fileEncoding = 4; lastKnownFileType = sourcecode.c.h; path = SecondViewController.h; sourceTree = "<group>"; };
		51FE81AF1B69049300BD358A /* SecondViewController.m */ = {isa = PBXFileReference; fileEncoding = 4; lastKnownFileType = sourcecode.c.objc; path = SecondViewController.m; sourceTree = "<group>"; };
		51FE81B11B69155700BD358A /* FBSDKCoreKit.framework */ = {isa = PBXFileReference; lastKnownFileType = wrapper.framework; name = FBSDKCoreKit.framework; path = ../../Documents/FacebookSDK/FBSDKCoreKit.framework; sourceTree = "<group>"; };
		51FE81B21B69155700BD358A /* FBSDKLoginKit.framework */ = {isa = PBXFileReference; lastKnownFileType = wrapper.framework; name = FBSDKLoginKit.framework; path = ../../Documents/FacebookSDK/FBSDKLoginKit.framework; sourceTree = "<group>"; };
		51FE81B31B69155700BD358A /* FBSDKShareKit.framework */ = {isa = PBXFileReference; lastKnownFileType = wrapper.framework; name = FBSDKShareKit.framework; path = ../../Documents/FacebookSDK/FBSDKShareKit.framework; sourceTree = "<group>"; };
		6079BB582E8FCDDC4B695FD7 /* Pods-jyw-webrtc-with-cocoapods.debug.xcconfig */ = {isa = PBXFileReference; includeInIndex = 1; lastKnownFileType = text.xcconfig; name = "Pods-jyw-webrtc-with-cocoapods.debug.xcconfig"; path = "Pods/Target Support Files/Pods-jyw-webrtc-with-cocoapods/Pods-jyw-webrtc-with-cocoapods.debug.xcconfig"; sourceTree = "<group>"; };
		8948634D5039DC5FEF2E164E /* Pods-jyw-webrtc-with-cocoapods.release.xcconfig */ = {isa = PBXFileReference; includeInIndex = 1; lastKnownFileType = text.xcconfig; name = "Pods-jyw-webrtc-with-cocoapods.release.xcconfig"; path = "Pods/Target Support Files/Pods-jyw-webrtc-with-cocoapods/Pods-jyw-webrtc-with-cocoapods.release.xcconfig"; sourceTree = "<group>"; };
		A28850981ADEF97396ADA1D4 /* libPods-jyw-webrtc-with-cocoapods.a */ = {isa = PBXFileReference; explicitFileType = archive.ar; includeInIndex = 0; path = "libPods-jyw-webrtc-with-cocoapods.a"; sourceTree = BUILT_PRODUCTS_DIR; };
/* End PBXFileReference section */

/* Begin PBXFrameworksBuildPhase section */
		512885A51B56D27200A48470 /* Frameworks */ = {
			isa = PBXFrameworksBuildPhase;
			buildActionMask = 2147483647;
			files = (
				51FE81B61B69155700BD358A /* FBSDKShareKit.framework in Frameworks */,
				51C1D1851B56D86A00B85ECC /* Foundation.framework in Frameworks */,
				51FE81B41B69155700BD358A /* FBSDKCoreKit.framework in Frameworks */,
				51C1D1831B56D86100B85ECC /* Security.framework in Frameworks */,
				51C1D1811B56D85800B85ECC /* CFNetwork.framework in Frameworks */,
				51FE81B51B69155700BD358A /* FBSDKLoginKit.framework in Frameworks */,
				51C1D17F1B56D84E00B85ECC /* libicucore.dylib in Frameworks */,
				F834C6F5B98D0652F7E91A7C /* libPods-jyw-webrtc-with-cocoapods.a in Frameworks */,
			);
			runOnlyForDeploymentPostprocessing = 0;
		};
		512885BE1B56D27200A48470 /* Frameworks */ = {
			isa = PBXFrameworksBuildPhase;
			buildActionMask = 2147483647;
			files = (
			);
			runOnlyForDeploymentPostprocessing = 0;
		};
/* End PBXFrameworksBuildPhase section */

/* Begin PBXGroup section */
		5128859F1B56D27200A48470 = {
			isa = PBXGroup;
			children = (
				51C1D1791B56D7C200B85ECC /* SocketRocket */,
				512885AA1B56D27200A48470 /* jyw-webrtc-with-cocoapods */,
				512885C41B56D27200A48470 /* jyw-webrtc-with-cocoapodsTests */,
				512885A91B56D27200A48470 /* Products */,
				6805FECDFA3E0C8970D00C70 /* Pods */,
				AA6939A18EE43E6B5287A5A0 /* Frameworks */,
			);
			sourceTree = "<group>";
		};
		512885A91B56D27200A48470 /* Products */ = {
			isa = PBXGroup;
			children = (
				512885A81B56D27200A48470 /* jyw-ios.app */,
				512885C11B56D27200A48470 /* jyw-iosTests.xctest */,
			);
			name = Products;
			sourceTree = "<group>";
		};
		512885AA1B56D27200A48470 /* jyw-webrtc-with-cocoapods */ = {
			isa = PBXGroup;
			children = (
				51C1D1761B56D78E00B85ECC /* UIImage+ARDUtilities.h */,
				51C1D1771B56D78E00B85ECC /* UIImage+ARDUtilities.m */,
				51C1D1721B56D62100B85ECC /* JYWMainViewController.h */,
				51C1D1731B56D62100B85ECC /* JYWMainViewController.m */,
				512885AF1B56D27200A48470 /* AppDelegate.h */,
				512885B01B56D27200A48470 /* AppDelegate.m */,
				512885B21B56D27200A48470 /* ViewController.h */,
				512885B31B56D27200A48470 /* ViewController.m */,
				51FE81AE1B69049300BD358A /* SecondViewController.h */,
				51FE81AF1B69049300BD358A /* SecondViewController.m */,
				512885B51B56D27200A48470 /* Main.storyboard */,
				512885B81B56D27200A48470 /* Images.xcassets */,
				512885BA1B56D27200A48470 /* LaunchScreen.xib */,
				512885AB1B56D27200A48470 /* Supporting Files */,
			);
			path = "jyw-webrtc-with-cocoapods";
			sourceTree = "<group>";
		};
		512885AB1B56D27200A48470 /* Supporting Files */ = {
			isa = PBXGroup;
			children = (
				512885AC1B56D27200A48470 /* Info.plist */,
				512885AD1B56D27200A48470 /* main.m */,
			);
			name = "Supporting Files";
			sourceTree = "<group>";
		};
		512885C41B56D27200A48470 /* jyw-webrtc-with-cocoapodsTests */ = {
			isa = PBXGroup;
			children = (
				512885C71B56D27200A48470 /* jyw_webrtc_with_cocoapodsTests.m */,
				512885C51B56D27200A48470 /* Supporting Files */,
			);
			path = "jyw-webrtc-with-cocoapodsTests";
			sourceTree = "<group>";
		};
		512885C51B56D27200A48470 /* Supporting Files */ = {
			isa = PBXGroup;
			children = (
				512885C61B56D27200A48470 /* Info.plist */,
			);
			name = "Supporting Files";
			sourceTree = "<group>";
		};
		51C1D1791B56D7C200B85ECC /* SocketRocket */ = {
			isa = PBXGroup;
			children = (
				51C1D17A1B56D7E800B85ECC /* SRWebSocket.m */,
				51C1D17B1B56D7E800B85ECC /* SocketRocket-Prefix.pch */,
				51C1D17C1B56D7E800B85ECC /* SRWebSocket.h */,
			);
			name = SocketRocket;
			sourceTree = "<group>";
		};
		6805FECDFA3E0C8970D00C70 /* Pods */ = {
			isa = PBXGroup;
			children = (
				6079BB582E8FCDDC4B695FD7 /* Pods-jyw-webrtc-with-cocoapods.debug.xcconfig */,
				8948634D5039DC5FEF2E164E /* Pods-jyw-webrtc-with-cocoapods.release.xcconfig */,
			);
			name = Pods;
			sourceTree = "<group>";
		};
		AA6939A18EE43E6B5287A5A0 /* Frameworks */ = {
			isa = PBXGroup;
			children = (
				51FE81B11B69155700BD358A /* FBSDKCoreKit.framework */,
				51FE81B21B69155700BD358A /* FBSDKLoginKit.framework */,
				51FE81B31B69155700BD358A /* FBSDKShareKit.framework */,
				51C1D1841B56D86A00B85ECC /* Foundation.framework */,
				51C1D1821B56D86100B85ECC /* Security.framework */,
				51C1D1801B56D85800B85ECC /* CFNetwork.framework */,
				51C1D17E1B56D84E00B85ECC /* libicucore.dylib */,
				A28850981ADEF97396ADA1D4 /* libPods-jyw-webrtc-with-cocoapods.a */,
			);
			name = Frameworks;
			sourceTree = "<group>";
		};
/* End PBXGroup section */

/* Begin PBXNativeTarget section */
		512885A71B56D27200A48470 /* jyw-ios */ = {
			isa = PBXNativeTarget;
			buildConfigurationList = 512885CB1B56D27200A48470 /* Build configuration list for PBXNativeTarget "jyw-ios" */;
			buildPhases = (
				68BFF65EB413AFC5476D6579 /* Check Pods Manifest.lock */,
				512885A41B56D27200A48470 /* Sources */,
				512885A51B56D27200A48470 /* Frameworks */,
				512885A61B56D27200A48470 /* Resources */,
				CF95183EBAF46B2BFC22D60B /* Copy Pods Resources */,
			);
			buildRules = (
			);
			dependencies = (
			);
			name = "jyw-ios";
			productName = "jyw-webrtc-with-cocoapods";
			productReference = 512885A81B56D27200A48470 /* jyw-ios.app */;
			productType = "com.apple.product-type.application";
		};
		512885C01B56D27200A48470 /* jyw-iosTests */ = {
			isa = PBXNativeTarget;
			buildConfigurationList = 512885CE1B56D27200A48470 /* Build configuration list for PBXNativeTarget "jyw-iosTests" */;
			buildPhases = (
				512885BD1B56D27200A48470 /* Sources */,
				512885BE1B56D27200A48470 /* Frameworks */,
				512885BF1B56D27200A48470 /* Resources */,
			);
			buildRules = (
			);
			dependencies = (
				512885C31B56D27200A48470 /* PBXTargetDependency */,
			);
			name = "jyw-iosTests";
			productName = "jyw-webrtc-with-cocoapodsTests";
			productReference = 512885C11B56D27200A48470 /* jyw-iosTests.xctest */;
			productType = "com.apple.product-type.bundle.unit-test";
		};
/* End PBXNativeTarget section */

/* Begin PBXProject section */
		512885A01B56D27200A48470 /* Project object */ = {
			isa = PBXProject;
			attributes = {
				LastUpgradeCheck = 0700;
				ORGANIZATIONNAME = Dynasty;
				TargetAttributes = {
					512885A71B56D27200A48470 = {
						CreatedOnToolsVersion = 6.4;
					};
					512885C01B56D27200A48470 = {
						CreatedOnToolsVersion = 6.4;
						TestTargetID = 512885A71B56D27200A48470;
					};
				};
			};
			buildConfigurationList = 512885A31B56D27200A48470 /* Build configuration list for PBXProject "jyw-ios" */;
			compatibilityVersion = "Xcode 3.2";
			developmentRegion = English;
			hasScannedForEncodings = 0;
			knownRegions = (
				en,
				Base,
			);
			mainGroup = 5128859F1B56D27200A48470;
			productRefGroup = 512885A91B56D27200A48470 /* Products */;
			projectDirPath = "";
			projectRoot = "";
			targets = (
				512885A71B56D27200A48470 /* jyw-ios */,
				512885C01B56D27200A48470 /* jyw-iosTests */,
			);
		};
/* End PBXProject section */

/* Begin PBXResourcesBuildPhase section */
		512885A61B56D27200A48470 /* Resources */ = {
			isa = PBXResourcesBuildPhase;
			buildActionMask = 2147483647;
			files = (
				512885B71B56D27200A48470 /* Main.storyboard in Resources */,
				512885BC1B56D27200A48470 /* LaunchScreen.xib in Resources */,
				512885B91B56D27200A48470 /* Images.xcassets in Resources */,
			);
			runOnlyForDeploymentPostprocessing = 0;
		};
		512885BF1B56D27200A48470 /* Resources */ = {
			isa = PBXResourcesBuildPhase;
			buildActionMask = 2147483647;
			files = (
			);
			runOnlyForDeploymentPostprocessing = 0;
		};
/* End PBXResourcesBuildPhase section */

/* Begin PBXShellScriptBuildPhase section */
		68BFF65EB413AFC5476D6579 /* Check Pods Manifest.lock */ = {
			isa = PBXShellScriptBuildPhase;
			buildActionMask = 2147483647;
			files = (
			);
			inputPaths = (
			);
			name = "Check Pods Manifest.lock";
			outputPaths = (
			);
			runOnlyForDeploymentPostprocessing = 0;
			shellPath = /bin/sh;
			shellScript = "diff \"${PODS_ROOT}/../Podfile.lock\" \"${PODS_ROOT}/Manifest.lock\" > /dev/null\nif [[ $? != 0 ]] ; then\n    cat << EOM\nerror: The sandbox is not in sync with the Podfile.lock. Run 'pod install' or update your CocoaPods installation.\nEOM\n    exit 1\nfi\n";
			showEnvVarsInLog = 0;
		};
		CF95183EBAF46B2BFC22D60B /* Copy Pods Resources */ = {
			isa = PBXShellScriptBuildPhase;
			buildActionMask = 2147483647;
			files = (
			);
			inputPaths = (
			);
			name = "Copy Pods Resources";
			outputPaths = (
			);
			runOnlyForDeploymentPostprocessing = 0;
			shellPath = /bin/sh;
			shellScript = "\"${SRCROOT}/Pods/Target Support Files/Pods-jyw-webrtc-with-cocoapods/Pods-jyw-webrtc-with-cocoapods-resources.sh\"\n";
			showEnvVarsInLog = 0;
		};
/* End PBXShellScriptBuildPhase section */

/* Begin PBXSourcesBuildPhase section */
		512885A41B56D27200A48470 /* Sources */ = {
			isa = PBXSourcesBuildPhase;
			buildActionMask = 2147483647;
			files = (
				512885B41B56D27200A48470 /* ViewController.m in Sources */,
				51C1D1751B56D62100B85ECC /* JYWMainViewController.m in Sources */,
				512885B11B56D27200A48470 /* AppDelegate.m in Sources */,
				51FE81B01B69049300BD358A /* SecondViewController.m in Sources */,
				51C1D17D1B56D7E800B85ECC /* SRWebSocket.m in Sources */,
				51C1D1781B56D78E00B85ECC /* UIImage+ARDUtilities.m in Sources */,
				512885AE1B56D27200A48470 /* main.m in Sources */,
			);
			runOnlyForDeploymentPostprocessing = 0;
		};
		512885BD1B56D27200A48470 /* Sources */ = {
			isa = PBXSourcesBuildPhase;
			buildActionMask = 2147483647;
			files = (
				512885C81B56D27200A48470 /* jyw_webrtc_with_cocoapodsTests.m in Sources */,
			);
			runOnlyForDeploymentPostprocessing = 0;
		};
/* End PBXSourcesBuildPhase section */

/* Begin PBXTargetDependency section */
		512885C31B56D27200A48470 /* PBXTargetDependency */ = {
			isa = PBXTargetDependency;
			target = 512885A71B56D27200A48470 /* jyw-ios */;
			targetProxy = 512885C21B56D27200A48470 /* PBXContainerItemProxy */;
		};
/* End PBXTargetDependency section */

/* Begin PBXVariantGroup section */
		512885B51B56D27200A48470 /* Main.storyboard */ = {
			isa = PBXVariantGroup;
			children = (
				512885B61B56D27200A48470 /* Base */,
			);
			name = Main.storyboard;
			sourceTree = "<group>";
		};
		512885BA1B56D27200A48470 /* LaunchScreen.xib */ = {
			isa = PBXVariantGroup;
			children = (
				512885BB1B56D27200A48470 /* Base */,
			);
			name = LaunchScreen.xib;
			sourceTree = "<group>";
		};
/* End PBXVariantGroup section */

/* Begin XCBuildConfiguration section */
		512885C91B56D27200A48470 /* Debug */ = {
			isa = XCBuildConfiguration;
			buildSettings = {
				ALWAYS_SEARCH_USER_PATHS = NO;
				CLANG_CXX_LANGUAGE_STANDARD = "gnu++0x";
				CLANG_CXX_LIBRARY = "libc++";
				CLANG_ENABLE_MODULES = YES;
				CLANG_ENABLE_OBJC_ARC = YES;
				CLANG_WARN_BOOL_CONVERSION = YES;
				CLANG_WARN_CONSTANT_CONVERSION = YES;
				CLANG_WARN_DIRECT_OBJC_ISA_USAGE = YES_ERROR;
				CLANG_WARN_EMPTY_BODY = YES;
				CLANG_WARN_ENUM_CONVERSION = YES;
				CLANG_WARN_INT_CONVERSION = YES;
				CLANG_WARN_OBJC_ROOT_CLASS = YES_ERROR;
				CLANG_WARN_UNREACHABLE_CODE = YES;
				CLANG_WARN__DUPLICATE_METHOD_MATCH = YES;
				"CODE_SIGN_IDENTITY[sdk=iphoneos*]" = "iPhone Developer";
				COPY_PHASE_STRIP = NO;
				DEBUG_INFORMATION_FORMAT = "dwarf-with-dsym";
				ENABLE_BITCODE = NO;
				ENABLE_STRICT_OBJC_MSGSEND = YES;
				ENABLE_TESTABILITY = YES;
				GCC_C_LANGUAGE_STANDARD = gnu99;
				GCC_DYNAMIC_NO_PIC = NO;
				GCC_NO_COMMON_BLOCKS = YES;
				GCC_OPTIMIZATION_LEVEL = 0;
				GCC_PREPROCESSOR_DEFINITIONS = (
					"DEBUG=1",
					"$(inherited)",
				);
				GCC_SYMBOLS_PRIVATE_EXTERN = NO;
				GCC_WARN_64_TO_32_BIT_CONVERSION = YES;
				GCC_WARN_ABOUT_RETURN_TYPE = YES_ERROR;
				GCC_WARN_UNDECLARED_SELECTOR = YES;
				GCC_WARN_UNINITIALIZED_AUTOS = YES_AGGRESSIVE;
				GCC_WARN_UNUSED_FUNCTION = YES;
				GCC_WARN_UNUSED_VARIABLE = YES;
				IPHONEOS_DEPLOYMENT_TARGET = 8.4;
				MTL_ENABLE_DEBUG_INFO = YES;
				ONLY_ACTIVE_ARCH = YES;
				SDKROOT = iphoneos;
			};
			name = Debug;
		};
		512885CA1B56D27200A48470 /* Release */ = {
			isa = XCBuildConfiguration;
			buildSettings = {
				ALWAYS_SEARCH_USER_PATHS = NO;
				CLANG_CXX_LANGUAGE_STANDARD = "gnu++0x";
				CLANG_CXX_LIBRARY = "libc++";
				CLANG_ENABLE_MODULES = YES;
				CLANG_ENABLE_OBJC_ARC = YES;
				CLANG_WARN_BOOL_CONVERSION = YES;
				CLANG_WARN_CONSTANT_CONVERSION = YES;
				CLANG_WARN_DIRECT_OBJC_ISA_USAGE = YES_ERROR;
				CLANG_WARN_EMPTY_BODY = YES;
				CLANG_WARN_ENUM_CONVERSION = YES;
				CLANG_WARN_INT_CONVERSION = YES;
				CLANG_WARN_OBJC_ROOT_CLASS = YES_ERROR;
				CLANG_WARN_UNREACHABLE_CODE = YES;
				CLANG_WARN__DUPLICATE_METHOD_MATCH = YES;
				"CODE_SIGN_IDENTITY[sdk=iphoneos*]" = "iPhone Developer";
				COPY_PHASE_STRIP = NO;
				DEBUG_INFORMATION_FORMAT = "dwarf-with-dsym";
				ENABLE_BITCODE = NO;
				ENABLE_NS_ASSERTIONS = NO;
				ENABLE_STRICT_OBJC_MSGSEND = YES;
				GCC_C_LANGUAGE_STANDARD = gnu99;
				GCC_NO_COMMON_BLOCKS = YES;
				GCC_WARN_64_TO_32_BIT_CONVERSION = YES;
				GCC_WARN_ABOUT_RETURN_TYPE = YES_ERROR;
				GCC_WARN_UNDECLARED_SELECTOR = YES;
				GCC_WARN_UNINITIALIZED_AUTOS = YES_AGGRESSIVE;
				GCC_WARN_UNUSED_FUNCTION = YES;
				GCC_WARN_UNUSED_VARIABLE = YES;
				IPHONEOS_DEPLOYMENT_TARGET = 8.4;
				MTL_ENABLE_DEBUG_INFO = NO;
				SDKROOT = iphoneos;
				VALIDATE_PRODUCT = YES;
			};
			name = Release;
		};
		512885CC1B56D27200A48470 /* Debug */ = {
			isa = XCBuildConfiguration;
			baseConfigurationReference = 6079BB582E8FCDDC4B695FD7 /* Pods-jyw-webrtc-with-cocoapods.debug.xcconfig */;
			buildSettings = {
				ASSETCATALOG_COMPILER_APPICON_NAME = AppIcon;
				ENABLE_BITCODE = NO;
				FRAMEWORK_SEARCH_PATHS = (
					"$(inherited)",
					/Users/lucan/Documents/FacebookSDK,
				);
				INFOPLIST_FILE = "jyw-webrtc-with-cocoapods/Info.plist";
				IPHONEOS_DEPLOYMENT_TARGET = 8.4;
				LD_RUNPATH_SEARCH_PATHS = "$(inherited) @executable_path/Frameworks";
				PRODUCT_BUNDLE_IDENTIFIER = "com.lucanchen.$(PRODUCT_NAME:rfc1034identifier)";
				PRODUCT_NAME = "jyw-ios";
			};
			name = Debug;
		};
		512885CD1B56D27200A48470 /* Release */ = {
			isa = XCBuildConfiguration;
			baseConfigurationReference = 8948634D5039DC5FEF2E164E /* Pods-jyw-webrtc-with-cocoapods.release.xcconfig */;
			buildSettings = {
				ASSETCATALOG_COMPILER_APPICON_NAME = AppIcon;
				ENABLE_BITCODE = NO;
				FRAMEWORK_SEARCH_PATHS = (
					"$(inherited)",
					/Users/lucan/Documents/FacebookSDK,
				);
				INFOPLIST_FILE = "jyw-webrtc-with-cocoapods/Info.plist";
				IPHONEOS_DEPLOYMENT_TARGET = 8.4;
				LD_RUNPATH_SEARCH_PATHS = "$(inherited) @executable_path/Frameworks";
				PRODUCT_BUNDLE_IDENTIFIER = "com.lucanchen.$(PRODUCT_NAME:rfc1034identifier)";
				PRODUCT_NAME = "jyw-ios";
			};
			name = Release;
		};
		512885CF1B56D27200A48470 /* Debug */ = {
			isa = XCBuildConfiguration;
			buildSettings = {
				BUNDLE_LOADER = "$(TEST_HOST)";
				FRAMEWORK_SEARCH_PATHS = (
					"$(SDKROOT)/Developer/Library/Frameworks",
					"$(inherited)",
				);
				GCC_PREPROCESSOR_DEFINITIONS = (
					"DEBUG=1",
					"$(inherited)",
				);
				INFOPLIST_FILE = "jyw-webrtc-with-cocoapodsTests/Info.plist";
				LD_RUNPATH_SEARCH_PATHS = "$(inherited) @executable_path/Frameworks @loader_path/Frameworks";
				PRODUCT_BUNDLE_IDENTIFIER = "com.lucanchen.$(PRODUCT_NAME:rfc1034identifier)";
				PRODUCT_NAME = "jyw-iosTests";
				TEST_HOST = "$(BUILT_PRODUCTS_DIR)/jyw-webrtc-with-cocoapods.app/jyw-webrtc-with-cocoapods";
			};
			name = Debug;
		};
		512885D01B56D27200A48470 /* Release */ = {
			isa = XCBuildConfiguration;
			buildSettings = {
				BUNDLE_LOADER = "$(TEST_HOST)";
				FRAMEWORK_SEARCH_PATHS = (
					"$(SDKROOT)/Developer/Library/Frameworks",
					"$(inherited)",
				);
				INFOPLIST_FILE = "jyw-webrtc-with-cocoapodsTests/Info.plist";
				LD_RUNPATH_SEARCH_PATHS = "$(inherited) @executable_path/Frameworks @loader_path/Frameworks";
				PRODUCT_BUNDLE_IDENTIFIER = "com.lucanchen.$(PRODUCT_NAME:rfc1034identifier)";
				PRODUCT_NAME = "jyw-iosTests";
				TEST_HOST = "$(BUILT_PRODUCTS_DIR)/jyw-webrtc-with-cocoapods.app/jyw-webrtc-with-cocoapods";
			};
			name = Release;
		};
/* End XCBuildConfiguration section */

/* Begin XCConfigurationList section */
		512885A31B56D27200A48470 /* Build configuration list for PBXProject "jyw-ios" */ = {
			isa = XCConfigurationList;
			buildConfigurations = (
				512885C91B56D27200A48470 /* Debug */,
				512885CA1B56D27200A48470 /* Release */,
			);
			defaultConfigurationIsVisible = 0;
			defaultConfigurationName = Release;
		};
		512885CB1B56D27200A48470 /* Build configuration list for PBXNativeTarget "jyw-ios" */ = {
			isa = XCConfigurationList;
			buildConfigurations = (
				512885CC1B56D27200A48470 /* Debug */,
				512885CD1B56D27200A48470 /* Release */,
			);
			defaultConfigurationIsVisible = 0;
			defaultConfigurationName = Release;
		};
		512885CE1B56D27200A48470 /* Build configuration list for PBXNativeTarget "jyw-iosTests" */ = {
			isa = XCConfigurationList;
			buildConfigurations = (
				512885CF1B56D27200A48470 /* Debug */,
				512885D01B56D27200A48470 /* Release */,
			);
			defaultConfigurationIsVisible = 0;
			defaultConfigurationName = Release;
		};
/* End XCConfigurationList section */
	};
	rootObject = 512885A01B56D27200A48470 /* Project object */;
}
